
Microsoft Visual Studio Solution File, Format Version 12.00
# Visual Studio 15
VisualStudioVersion = 15.0.28010.2026
MinimumVisualStudioVersion = 10.0.40219.1
Project("{FAE04EC0-301F-11D3-BF4B-00C04F79EFBC}") = "OpenHouse", "ConsoleApp9\OpenHouse.csproj", "{265A0B4F-642B-441C-B007-E7B93A1C71AC}"
EndProject
Global
	GlobalSection(SolutionConfigurationPlatforms) = preSolution
		Debug|Any CPU = Debug|Any CPU
		Release|Any CPU = Release|Any CPU
	EndGlobalSection
	GlobalSection(ProjectConfigurationPlatforms) = postSolution
		{265A0B4F-642B-441C-B007-E7B93A1C71AC}.Debug|Any CPU.ActiveCfg = Debug|Any CPU
		{265A0B4F-642B-441C-B007-E7B93A1C71AC}.Debug|Any CPU.Build.0 = Debug|Any CPU
		{265A0B4F-642B-441C-B007-E7B93A1C71AC}.Release|Any CPU.ActiveCfg = Release|Any CPU
		{265A0B4F-642B-441C-B007-E7B93A1C71AC}.Release|Any CPU.Build.0 = Release|Any CPU
	EndGlobalSection
	GlobalSection(SolutionProperties) = preSolution
		HideSolutionNode = FALSE
	EndGlobalSection
	GlobalSection(ExtensibilityGlobals) = postSolution
		SolutionGuid = {B692BAA4-E6C6-4A04-AA8A-0E3B41DA73DC}
	EndGlobalSection
EndGlobal
